// !$*UTF8*$!
{
	archiveVersion = 1;
	classes = {
	};
	objectVersion = 51;
	objects = {

/* Begin PBXBuildFile section */
		8AEA232288E8B2DAA376C274 /* Pods_iTrackTV.framework in Frameworks */ = {isa = PBXBuildFile; fileRef = 2BF7F9BB36092C05E788E006 /* Pods_iTrackTV.framework */; };
		C3270F0B24B2974B00398216 /* AppDelegate.swift in Sources */ = {isa = PBXBuildFile; fileRef = C3270F0A24B2974B00398216 /* AppDelegate.swift */; };
		C3270F0D24B2974B00398216 /* SceneDelegate.swift in Sources */ = {isa = PBXBuildFile; fileRef = C3270F0C24B2974B00398216 /* SceneDelegate.swift */; };
		C3270F0F24B2974B00398216 /* ContentView.swift in Sources */ = {isa = PBXBuildFile; fileRef = C3270F0E24B2974B00398216 /* ContentView.swift */; };
		C3270F1124B2975000398216 /* Assets.xcassets in Resources */ = {isa = PBXBuildFile; fileRef = C3270F1024B2975000398216 /* Assets.xcassets */; };
		C3270F1424B2975000398216 /* Preview Assets.xcassets in Resources */ = {isa = PBXBuildFile; fileRef = C3270F1324B2975000398216 /* Preview Assets.xcassets */; };
		C3270F1724B2975000398216 /* LaunchScreen.storyboard in Resources */ = {isa = PBXBuildFile; fileRef = C3270F1524B2975000398216 /* LaunchScreen.storyboard */; };
		C3270F2224B29B4600398216 /* TabBar.swift in Sources */ = {isa = PBXBuildFile; fileRef = C3270F2124B29B4600398216 /* TabBar.swift */; };
		C380C54B24C542B20008EA12 /* API.swift in Sources */ = {isa = PBXBuildFile; fileRef = C380C54A24C542B10008EA12 /* API.swift */; };
		C380C54D24C542BB0008EA12 /* MyData.swift in Sources */ = {isa = PBXBuildFile; fileRef = C380C54C24C542BB0008EA12 /* MyData.swift */; };
/* End PBXBuildFile section */

/* Begin PBXFileReference section */
		2BF7F9BB36092C05E788E006 /* Pods_iTrackTV.framework */ = {isa = PBXFileReference; explicitFileType = wrapper.framework; includeInIndex = 0; path = Pods_iTrackTV.framework; sourceTree = BUILT_PRODUCTS_DIR; };
		38073207AD0B1DD1A1E72129 /* Pods-iTrackTV.release.xcconfig */ = {isa = PBXFileReference; includeInIndex = 1; lastKnownFileType = text.xcconfig; name = "Pods-iTrackTV.release.xcconfig"; path = "Target Support Files/Pods-iTrackTV/Pods-iTrackTV.release.xcconfig"; sourceTree = "<group>"; };
		6F283FCD3975DCBB89CCD8F7 /* Pods-iTrackTV.debug.xcconfig */ = {isa = PBXFileReference; includeInIndex = 1; lastKnownFileType = text.xcconfig; name = "Pods-iTrackTV.debug.xcconfig"; path = "Target Support Files/Pods-iTrackTV/Pods-iTrackTV.debug.xcconfig"; sourceTree = "<group>"; };
		C3270F0724B2974B00398216 /* iTrackTV.app */ = {isa = PBXFileReference; explicitFileType = wrapper.application; includeInIndex = 0; path = iTrackTV.app; sourceTree = BUILT_PRODUCTS_DIR; };
		C3270F0A24B2974B00398216 /* AppDelegate.swift */ = {isa = PBXFileReference; lastKnownFileType = sourcecode.swift; path = AppDelegate.swift; sourceTree = "<group>"; };
		C3270F0C24B2974B00398216 /* SceneDelegate.swift */ = {isa = PBXFileReference; lastKnownFileType = sourcecode.swift; path = SceneDelegate.swift; sourceTree = "<group>"; };
		C3270F0E24B2974B00398216 /* ContentView.swift */ = {isa = PBXFileReference; lastKnownFileType = sourcecode.swift; path = ContentView.swift; sourceTree = "<group>"; };
		C3270F1024B2975000398216 /* Assets.xcassets */ = {isa = PBXFileReference; lastKnownFileType = folder.assetcatalog; path = Assets.xcassets; sourceTree = "<group>"; };
		C3270F1324B2975000398216 /* Preview Assets.xcassets */ = {isa = PBXFileReference; lastKnownFileType = folder.assetcatalog; path = "Preview Assets.xcassets"; sourceTree = "<group>"; };
		C3270F1624B2975000398216 /* Base */ = {isa = PBXFileReference; lastKnownFileType = file.storyboard; name = Base; path = Base.lproj/LaunchScreen.storyboard; sourceTree = "<group>"; };
		C3270F1824B2975000398216 /* Info.plist */ = {isa = PBXFileReference; lastKnownFileType = text.plist.xml; path = Info.plist; sourceTree = "<group>"; };
		C3270F2124B29B4600398216 /* TabBar.swift */ = {isa = PBXFileReference; lastKnownFileType = sourcecode.swift; path = TabBar.swift; sourceTree = "<group>"; };
		C380C54A24C542B10008EA12 /* API.swift */ = {isa = PBXFileReference; lastKnownFileType = sourcecode.swift; path = API.swift; sourceTree = "<group>"; };
		C380C54C24C542BB0008EA12 /* MyData.swift */ = {isa = PBXFileReference; lastKnownFileType = sourcecode.swift; path = MyData.swift; sourceTree = "<group>"; };
/* End PBXFileReference section */

/* Begin PBXFrameworksBuildPhase section */
		C3270F0424B2974B00398216 /* Frameworks */ = {
			isa = PBXFrameworksBuildPhase;
			buildActionMask = 2147483647;
			files = (
				8AEA232288E8B2DAA376C274 /* Pods_iTrackTV.framework in Frameworks */,
			);
			runOnlyForDeploymentPostprocessing = 0;
		};
/* End PBXFrameworksBuildPhase section */

/* Begin PBXGroup section */
		0241765C93E096876B289CB8 /* Pods */ = {
			isa = PBXGroup;
			children = (
				6F283FCD3975DCBB89CCD8F7 /* Pods-iTrackTV.debug.xcconfig */,
				38073207AD0B1DD1A1E72129 /* Pods-iTrackTV.release.xcconfig */,
			);
			path = Pods;
			sourceTree = "<group>";
		};
		7BA15CE9ECB9B5E8BEFC9520 /* Frameworks */ = {
			isa = PBXGroup;
			children = (
				2BF7F9BB36092C05E788E006 /* Pods_iTrackTV.framework */,
			);
			name = Frameworks;
			sourceTree = "<group>";
		};
		C3270EFE24B2974B00398216 = {
			isa = PBXGroup;
			children = (
				C3270F0924B2974B00398216 /* iTrackTV */,
				C3270F0824B2974B00398216 /* Products */,
				0241765C93E096876B289CB8 /* Pods */,
				7BA15CE9ECB9B5E8BEFC9520 /* Frameworks */,
			);
			sourceTree = "<group>";
		};
		C3270F0824B2974B00398216 /* Products */ = {
			isa = PBXGroup;
			children = (
				C3270F0724B2974B00398216 /* iTrackTV.app */,
			);
			name = Products;
			sourceTree = "<group>";
		};
		C3270F0924B2974B00398216 /* iTrackTV */ = {
			isa = PBXGroup;
			children = (
				C3270F1F24B2988600398216 /* Other */,
				C3270F2024B2989200398216 /* Model */,
				C3270F1E24B2987A00398216 /* UI */,
				C3270F1024B2975000398216 /* Assets.xcassets */,
				C3270F1524B2975000398216 /* LaunchScreen.storyboard */,
				C3270F1824B2975000398216 /* Info.plist */,
				C3270F1224B2975000398216 /* Preview Content */,
			);
			path = iTrackTV;
			sourceTree = "<group>";
		};
		C3270F1224B2975000398216 /* Preview Content */ = {
			isa = PBXGroup;
			children = (
				C3270F1324B2975000398216 /* Preview Assets.xcassets */,
			);
			path = "Preview Content";
			sourceTree = "<group>";
		};
		C3270F1E24B2987A00398216 /* UI */ = {
			isa = PBXGroup;
			children = (
				C3270F0E24B2974B00398216 /* ContentView.swift */,
				C3270F2124B29B4600398216 /* TabBar.swift */,
			);
			path = UI;
			sourceTree = "<group>";
		};
		C3270F1F24B2988600398216 /* Other */ = {
			isa = PBXGroup;
			children = (
				C3270F0A24B2974B00398216 /* AppDelegate.swift */,
				C3270F0C24B2974B00398216 /* SceneDelegate.swift */,
			);
			path = Other;
			sourceTree = "<group>";
		};
		C3270F2024B2989200398216 /* Model */ = {
			isa = PBXGroup;
			children = (
				C380C54A24C542B10008EA12 /* API.swift */,
				C380C54C24C542BB0008EA12 /* MyData.swift */,
			);
			path = Model;
			sourceTree = "<group>";
		};
/* End PBXGroup section */

/* Begin PBXNativeTarget section */
		C3270F0624B2974B00398216 /* iTrackTV */ = {
			isa = PBXNativeTarget;
			buildConfigurationList = C3270F1B24B2975000398216 /* Build configuration list for PBXNativeTarget "iTrackTV" */;
			buildPhases = (
				2689A1B515DA71A638F3870D /* [CP] Check Pods Manifest.lock */,
				C3270F0324B2974B00398216 /* Sources */,
				C3270F0424B2974B00398216 /* Frameworks */,
				C3270F0524B2974B00398216 /* Resources */,
				0720B3BF68256FE019EB3B77 /* [CP] Embed Pods Frameworks */,
			);
			buildRules = (
			);
			dependencies = (
			);
			name = iTrackTV;
			productName = iTrackTV;
			productReference = C3270F0724B2974B00398216 /* iTrackTV.app */;
			productType = "com.apple.product-type.application";
		};
/* End PBXNativeTarget section */

/* Begin PBXProject section */
		C3270EFF24B2974B00398216 /* Project object */ = {
			isa = PBXProject;
			attributes = {
				LastSwiftUpdateCheck = 1150;
				LastUpgradeCheck = 1150;
				ORGANIZATIONNAME = "Caleb Wheeler";
				TargetAttributes = {
					C3270F0624B2974B00398216 = {
						CreatedOnToolsVersion = 11.5;
					};
				};
			};
			buildConfigurationList = C3270F0224B2974B00398216 /* Build configuration list for PBXProject "iTrackTV" */;
			compatibilityVersion = "Xcode 9.3";
			developmentRegion = en;
			hasScannedForEncodings = 0;
			knownRegions = (
				en,
				Base,
			);
			mainGroup = C3270EFE24B2974B00398216;
			productRefGroup = C3270F0824B2974B00398216 /* Products */;
			projectDirPath = "";
			projectRoot = "";
			targets = (
				C3270F0624B2974B00398216 /* iTrackTV */,
			);
		};
/* End PBXProject section */

/* Begin PBXResourcesBuildPhase section */
		C3270F0524B2974B00398216 /* Resources */ = {
			isa = PBXResourcesBuildPhase;
			buildActionMask = 2147483647;
			files = (
				C3270F1724B2975000398216 /* LaunchScreen.storyboard in Resources */,
				C3270F1424B2975000398216 /* Preview Assets.xcassets in Resources */,
				C3270F1124B2975000398216 /* Assets.xcassets in Resources */,
			);
			runOnlyForDeploymentPostprocessing = 0;
		};
/* End PBXResourcesBuildPhase section */

/* Begin PBXShellScriptBuildPhase section */
		0720B3BF68256FE019EB3B77 /* [CP] Embed Pods Frameworks */ = {
			isa = PBXShellScriptBuildPhase;
			buildActionMask = 2147483647;
			files = (
			);
			inputFileListPaths = (
				"${PODS_ROOT}/Target Support Files/Pods-iTrackTV/Pods-iTrackTV-frameworks-${CONFIGURATION}-input-files.xcfilelist",
			);
			name = "[CP] Embed Pods Frameworks";
			outputFileListPaths = (
				"${PODS_ROOT}/Target Support Files/Pods-iTrackTV/Pods-iTrackTV-frameworks-${CONFIGURATION}-output-files.xcfilelist",
			);
			runOnlyForDeploymentPostprocessing = 0;
			shellPath = /bin/sh;
			shellScript = "\"${PODS_ROOT}/Target Support Files/Pods-iTrackTV/Pods-iTrackTV-frameworks.sh\"\n";
			showEnvVarsInLog = 0;
		};
		2689A1B515DA71A638F3870D /* [CP] Check Pods Manifest.lock */ = {
			isa = PBXShellScriptBuildPhase;
			buildActionMask = 2147483647;
			files = (
			);
			inputFileListPaths = (
			);
			inputPaths = (
				"${PODS_PODFILE_DIR_PATH}/Podfile.lock",
				"${PODS_ROOT}/Manifest.lock",
			);
			name = "[CP] Check Pods Manifest.lock";
			outputFileListPaths = (
			);
			outputPaths = (
				"$(DERIVED_FILE_DIR)/Pods-iTrackTV-checkManifestLockResult.txt",
			);
			runOnlyForDeploymentPostprocessing = 0;
			shellPath = /bin/sh;
			shellScript = "diff \"${PODS_PODFILE_DIR_PATH}/Podfile.lock\" \"${PODS_ROOT}/Manifest.lock\" > /dev/null\nif [ $? != 0 ] ; then\n    # print error to STDERR\n    echo \"error: The sandbox is not in sync with the Podfile.lock. Run 'pod install' or update your CocoaPods installation.\" >&2\n    exit 1\nfi\n# This output is used by Xcode 'outputs' to avoid re-running this script phase.\necho \"SUCCESS\" > \"${SCRIPT_OUTPUT_FILE_0}\"\n";
			showEnvVarsInLog = 0;
		};
/* End PBXShellScriptBuildPhase section */

/* Begin PBXSourcesBuildPhase section */
		C3270F0324B2974B00398216 /* Sources */ = {
			isa = PBXSourcesBuildPhase;
			buildActionMask = 2147483647;
			files = (
				C3270F0B24B2974B00398216 /* AppDelegate.swift in Sources */,
				C3270F0D24B2974B00398216 /* SceneDelegate.swift in Sources */,
				C3270F0F24B2974B00398216 /* ContentView.swift in Sources */,
				C380C54D24C542BB0008EA12 /* MyData.swift in Sources */,
				C3270F2224B29B4600398216 /* TabBar.swift in Sources */,
				C380C54B24C542B20008EA12 /* API.swift in Sources */,
			);
			runOnlyForDeploymentPostprocessing = 0;
		};
/* End PBXSourcesBuildPhase section */

/* Begin PBXVariantGroup section */
		C3270F1524B2975000398216 /* LaunchScreen.storyboard */ = {
			isa = PBXVariantGroup;
			children = (
				C3270F1624B2975000398216 /* Base */,
			);
			name = LaunchScreen.storyboard;
			sourceTree = "<group>";
		};
/* End PBXVariantGroup section */

/* Begin XCBuildConfiguration section */
		C3270F1924B2975000398216 /* Debug */ = {
			isa = XCBuildConfiguration;
			buildSettings = {
				ALWAYS_SEARCH_USER_PATHS = NO;
				CLANG_ANALYZER_NONNULL = YES;
				CLANG_ANALYZER_NUMBER_OBJECT_CONVERSION = YES_AGGRESSIVE;
				CLANG_CXX_LANGUAGE_STANDARD = "gnu++14";
				CLANG_CXX_LIBRARY = "libc++";
				CLANG_ENABLE_MODULES = YES;
				CLANG_ENABLE_OBJC_ARC = YES;
				CLANG_ENABLE_OBJC_WEAK = YES;
				CLANG_WARN_BLOCK_CAPTURE_AUTORELEASING = YES;
				CLANG_WARN_BOOL_CONVERSION = YES;
				CLANG_WARN_COMMA = YES;
				CLANG_WARN_CONSTANT_CONVERSION = YES;
				CLANG_WARN_DEPRECATED_OBJC_IMPLEMENTATIONS = YES;
				CLANG_WARN_DIRECT_OBJC_ISA_USAGE = YES_ERROR;
				CLANG_WARN_DOCUMENTATION_COMMENTS = YES;
				CLANG_WARN_EMPTY_BODY = YES;
				CLANG_WARN_ENUM_CONVERSION = YES;
				CLANG_WARN_INFINITE_RECURSION = YES;
				CLANG_WARN_INT_CONVERSION = YES;
				CLANG_WARN_NON_LITERAL_NULL_CONVERSION = YES;
				CLANG_WARN_OBJC_IMPLICIT_RETAIN_SELF = YES;
				CLANG_WARN_OBJC_LITERAL_CONVERSION = YES;
				CLANG_WARN_OBJC_ROOT_CLASS = YES_ERROR;
				CLANG_WARN_RANGE_LOOP_ANALYSIS = YES;
				CLANG_WARN_STRICT_PROTOTYPES = YES;
				CLANG_WARN_SUSPICIOUS_MOVE = YES;
				CLANG_WARN_UNGUARDED_AVAILABILITY = YES_AGGRESSIVE;
				CLANG_WARN_UNREACHABLE_CODE = YES;
				CLANG_WARN__DUPLICATE_METHOD_MATCH = YES;
				COPY_PHASE_STRIP = NO;
				DEBUG_INFORMATION_FORMAT = dwarf;
				ENABLE_STRICT_OBJC_MSGSEND = YES;
				ENABLE_TESTABILITY = YES;
				GCC_C_LANGUAGE_STANDARD = gnu11;
				GCC_DYNAMIC_NO_PIC = NO;
				GCC_NO_COMMON_BLOCKS = YES;
				GCC_OPTIMIZATION_LEVEL = 0;
				GCC_PREPROCESSOR_DEFINITIONS = (
					"DEBUG=1",
					"$(inherited)",
				);
				GCC_WARN_64_TO_32_BIT_CONVERSION = YES;
				GCC_WARN_ABOUT_RETURN_TYPE = YES_ERROR;
				GCC_WARN_UNDECLARED_SELECTOR = YES;
				GCC_WARN_UNINITIALIZED_AUTOS = YES_AGGRESSIVE;
				GCC_WARN_UNUSED_FUNCTION = YES;
				GCC_WARN_UNUSED_VARIABLE = YES;
				IPHONEOS_DEPLOYMENT_TARGET = 13.5;
				MTL_ENABLE_DEBUG_INFO = INCLUDE_SOURCE;
				MTL_FAST_MATH = YES;
				ONLY_ACTIVE_ARCH = YES;
				SDKROOT = iphoneos;
				SWIFT_ACTIVE_COMPILATION_CONDITIONS = DEBUG;
				SWIFT_OPTIMIZATION_LEVEL = "-Onone";
			};
			name = Debug;
		};
		C3270F1A24B2975000398216 /* Release */ = {
			isa = XCBuildConfiguration;
			buildSettings = {
				ALWAYS_SEARCH_USER_PATHS = NO;
				CLANG_ANALYZER_NONNULL = YES;
				CLANG_ANALYZER_NUMBER_OBJECT_CONVERSION = YES_AGGRESSIVE;
				CLANG_CXX_LANGUAGE_STANDARD = "gnu++14";
				CLANG_CXX_LIBRARY = "libc++";
				CLANG_ENABLE_MODULES = YES;
				CLANG_ENABLE_OBJC_ARC = YES;
				CLANG_ENABLE_OBJC_WEAK = YES;
				CLANG_WARN_BLOCK_CAPTURE_AUTORELEASING = YES;
				CLANG_WARN_BOOL_CONVERSION = YES;
				CLANG_WARN_COMMA = YES;
				CLANG_WARN_CONSTANT_CONVERSION = YES;
				CLANG_WARN_DEPRECATED_OBJC_IMPLEMENTATIONS = YES;
				CLANG_WARN_DIRECT_OBJC_ISA_USAGE = YES_ERROR;
				CLANG_WARN_DOCUMENTATION_COMMENTS = YES;
				CLANG_WARN_EMPTY_BODY = YES;
				CLANG_WARN_ENUM_CONVERSION = YES;
				CLANG_WARN_INFINITE_RECURSION = YES;
				CLANG_WARN_INT_CONVERSION = YES;
				CLANG_WARN_NON_LITERAL_NULL_CONVERSION = YES;
				CLANG_WARN_OBJC_IMPLICIT_RETAIN_SELF = YES;
				CLANG_WARN_OBJC_LITERAL_CONVERSION = YES;
				CLANG_WARN_OBJC_ROOT_CLASS = YES_ERROR;
				CLANG_WARN_RANGE_LOOP_ANALYSIS = YES;
				CLANG_WARN_STRICT_PROTOTYPES = YES;
				CLANG_WARN_SUSPICIOUS_MOVE = YES;
				CLANG_WARN_UNGUARDED_AVAILABILITY = YES_AGGRESSIVE;
				CLANG_WARN_UNREACHABLE_CODE = YES;
				CLANG_WARN__DUPLICATE_METHOD_MATCH = YES;
				COPY_PHASE_STRIP = NO;
				DEBUG_INFORMATION_FORMAT = "dwarf-with-dsym";
				ENABLE_NS_ASSERTIONS = NO;
				ENABLE_STRICT_OBJC_MSGSEND = YES;
				GCC_C_LANGUAGE_STANDARD = gnu11;
				GCC_NO_COMMON_BLOCKS = YES;
				GCC_WARN_64_TO_32_BIT_CONVERSION = YES;
				GCC_WARN_ABOUT_RETURN_TYPE = YES_ERROR;
				GCC_WARN_UNDECLARED_SELECTOR = YES;
				GCC_WARN_UNINITIALIZED_AUTOS = YES_AGGRESSIVE;
				GCC_WARN_UNUSED_FUNCTION = YES;
				GCC_WARN_UNUSED_VARIABLE = YES;
				IPHONEOS_DEPLOYMENT_TARGET = 13.5;
				MTL_ENABLE_DEBUG_INFO = NO;
				MTL_FAST_MATH = YES;
				SDKROOT = iphoneos;
				SWIFT_COMPILATION_MODE = wholemodule;
				SWIFT_OPTIMIZATION_LEVEL = "-O";
				VALIDATE_PRODUCT = YES;
			};
			name = Release;
		};
		C3270F1C24B2975000398216 /* Debug */ = {
			isa = XCBuildConfiguration;
			baseConfigurationReference = 6F283FCD3975DCBB89CCD8F7 /* Pods-iTrackTV.debug.xcconfig */;
			buildSettings = {
				ASSETCATALOG_COMPILER_APPICON_NAME = AppIcon;
				CODE_SIGN_STYLE = Automatic;
				DEVELOPMENT_ASSET_PATHS = "\"iTrackTV/Preview Content\"";
				DEVELOPMENT_TEAM = MMZA244CU5;
				ENABLE_PREVIEWS = YES;
				INFOPLIST_FILE = iTrackTV/Info.plist;
				LD_RUNPATH_SEARCH_PATHS = (
					"$(inherited)",
					"@executable_path/Frameworks",
				);
				PRODUCT_BUNDLE_IDENTIFIER = CalebsEpic.iTrackTV;
				PRODUCT_NAME = "$(TARGET_NAME)";
				SWIFT_VERSION = 5.0;
				TARGETED_DEVICE_FAMILY = "1,2";
			};
			name = Debug;
		};
		C3270F1D24B2975000398216 /* Release */ = {
			isa = XCBuildConfiguration;
			baseConfigurationReference = 38073207AD0B1DD1A1E72129 /* Pods-iTrackTV.release.xcconfig */;
			buildSettings = {
				ASSETCATALOG_COMPILER_APPICON_NAME = AppIcon;
				CODE_SIGN_STYLE = Automatic;
				DEVELOPMENT_ASSET_PATHS = "\"iTrackTV/Preview Content\"";
				DEVELOPMENT_TEAM = MMZA244CU5;
				ENABLE_PREVIEWS = YES;
				INFOPLIST_FILE = iTrackTV/Info.plist;
				LD_RUNPATH_SEARCH_PATHS = (
					"$(inherited)",
					"@executable_path/Frameworks",
				);
				PRODUCT_BUNDLE_IDENTIFIER = CalebsEpic.iTrackTV;
				PRODUCT_NAME = "$(TARGET_NAME)";
				SWIFT_VERSION = 5.0;
				TARGETED_DEVICE_FAMILY = "1,2";
			};
			name = Release;
		};
/* End XCBuildConfiguration section */

/* Begin XCConfigurationList section */
		C3270F0224B2974B00398216 /* Build configuration list for PBXProject "iTrackTV" */ = {
			isa = XCConfigurationList;
			buildConfigurations = (
				C3270F1924B2975000398216 /* Debug */,
				C3270F1A24B2975000398216 /* Release */,
			);
			defaultConfigurationIsVisible = 0;
			defaultConfigurationName = Release;
		};
		C3270F1B24B2975000398216 /* Build configuration list for PBXNativeTarget "iTrackTV" */ = {
			isa = XCConfigurationList;
			buildConfigurations = (
				C3270F1C24B2975000398216 /* Debug */,
				C3270F1D24B2975000398216 /* Release */,
			);
			defaultConfigurationIsVisible = 0;
			defaultConfigurationName = Release;
		};
/* End XCConfigurationList section */
	};
	rootObject = C3270EFF24B2974B00398216 /* Project object */;
}
